
Microsoft Visual Studio Solution File, Format Version 12.00
# Visual Studio Version 16
VisualStudioVersion = 16.0.29306.81
MinimumVisualStudioVersion = 10.0.40219.1
Project("{FAE04EC0-301F-11D3-BF4B-00C04F79EFBC}") = "EXERCICIOS_UDEMY_2019", "EXERCICIOS_UDEMY_2019.csproj", "{4A75DDC4-3C76-4DBD-8F5A-07CC4BDC5388}"
EndProject
Global
	GlobalSection(SolutionConfigurationPlatforms) = preSolution
		Debug|Any CPU = Debug|Any CPU
		Release|Any CPU = Release|Any CPU
	EndGlobalSection
	GlobalSection(ProjectConfigurationPlatforms) = postSolution
		{4A75DDC4-3C76-4DBD-8F5A-07CC4BDC5388}.Debug|Any CPU.ActiveCfg = Debug|Any CPU
		{4A75DDC4-3C76-4DBD-8F5A-07CC4BDC5388}.Debug|Any CPU.Build.0 = Debug|Any CPU
		{4A75DDC4-3C76-4DBD-8F5A-07CC4BDC5388}.Release|Any CPU.ActiveCfg = Release|Any CPU
		{4A75DDC4-3C76-4DBD-8F5A-07CC4BDC5388}.Release|Any CPU.Build.0 = Release|Any CPU
	EndGlobalSection
	GlobalSection(SolutionProperties) = preSolution
		HideSolutionNode = FALSE
	EndGlobalSection
	GlobalSection(ExtensibilityGlobals) = postSolution
		SolutionGuid = {044A68B5-AA8B-4F93-8E0B-A153CB9D4870}
	EndGlobalSection
EndGlobal
